
Microsoft Visual Studio Solution File, Format Version 12.00
# Visual Studio Version 16
VisualStudioVersion = 16.0.31515.178
MinimumVisualStudioVersion = 10.0.40219.1
Project("{FAE04EC0-301F-11D3-BF4B-00C04F79EFBC}") = "InterfejsiIDelegati", "InterfejsiIDelegati\InterfejsiIDelegati.csproj", "{1CC86C3C-55F2-451C-AB57-6C0F2D1D4F87}"
EndProject
Global
	GlobalSection(SolutionConfigurationPlatforms) = preSolution
		Debug|Any CPU = Debug|Any CPU
		Release|Any CPU = Release|Any CPU
	EndGlobalSection
	GlobalSection(ProjectConfigurationPlatforms) = postSolution
		{1CC86C3C-55F2-451C-AB57-6C0F2D1D4F87}.Debug|Any CPU.ActiveCfg = Debug|Any CPU
		{1CC86C3C-55F2-451C-AB57-6C0F2D1D4F87}.Debug|Any CPU.Build.0 = Debug|Any CPU
		{1CC86C3C-55F2-451C-AB57-6C0F2D1D4F87}.Release|Any CPU.ActiveCfg = Release|Any CPU
		{1CC86C3C-55F2-451C-AB57-6C0F2D1D4F87}.Release|Any CPU.Build.0 = Release|Any CPU
	EndGlobalSection
	GlobalSection(SolutionProperties) = preSolution
		HideSolutionNode = FALSE
	EndGlobalSection
	GlobalSection(ExtensibilityGlobals) = postSolution
		SolutionGuid = {14824361-6BFC-4E69-956F-6E2DC5281933}
	EndGlobalSection
EndGlobal
